
Microsoft Visual Studio Solution File, Format Version 12.00
# Visual Studio Version 17
VisualStudioVersion = 17.0.31903.59
MinimumVisualStudioVersion = 10.0.40219.1
Project("{FAE04EC0-301F-11D3-BF4B-00C04F79EFBC}") = "API", "API\API.csproj", "{DF94710F-971E-4B25-A099-89E7E833D10D}"
EndProject
Project("{FAE04EC0-301F-11D3-BF4B-00C04F79EFBC}") = "Application", "Application\Application.csproj", "{8386B499-1AD4-4026-BD2D-753401AB2374}"
EndProject
Project("{FAE04EC0-301F-11D3-BF4B-00C04F79EFBC}") = "Domain", "Domain\Domain.csproj", "{E32433E2-189D-4EE9-9AE0-F9C458FAC2D2}"
EndProject
Project("{FAE04EC0-301F-11D3-BF4B-00C04F79EFBC}") = "Persistence", "Persistence\Persistence.csproj", "{001A8B1E-8B06-4F62-BCAE-CE1E1CB74771}"
EndProject
Global
	GlobalSection(SolutionConfigurationPlatforms) = preSolution
		Debug|Any CPU = Debug|Any CPU
		Release|Any CPU = Release|Any CPU
	EndGlobalSection
	GlobalSection(SolutionProperties) = preSolution
		HideSolutionNode = FALSE
	EndGlobalSection
	GlobalSection(ProjectConfigurationPlatforms) = postSolution
		{DF94710F-971E-4B25-A099-89E7E833D10D}.Debug|Any CPU.ActiveCfg = Debug|Any CPU
		{DF94710F-971E-4B25-A099-89E7E833D10D}.Debug|Any CPU.Build.0 = Debug|Any CPU
		{DF94710F-971E-4B25-A099-89E7E833D10D}.Release|Any CPU.ActiveCfg = Release|Any CPU
		{DF94710F-971E-4B25-A099-89E7E833D10D}.Release|Any CPU.Build.0 = Release|Any CPU
		{8386B499-1AD4-4026-BD2D-753401AB2374}.Debug|Any CPU.ActiveCfg = Debug|Any CPU
		{8386B499-1AD4-4026-BD2D-753401AB2374}.Debug|Any CPU.Build.0 = Debug|Any CPU
		{8386B499-1AD4-4026-BD2D-753401AB2374}.Release|Any CPU.ActiveCfg = Release|Any CPU
		{8386B499-1AD4-4026-BD2D-753401AB2374}.Release|Any CPU.Build.0 = Release|Any CPU
		{E32433E2-189D-4EE9-9AE0-F9C458FAC2D2}.Debug|Any CPU.ActiveCfg = Debug|Any CPU
		{E32433E2-189D-4EE9-9AE0-F9C458FAC2D2}.Debug|Any CPU.Build.0 = Debug|Any CPU
		{E32433E2-189D-4EE9-9AE0-F9C458FAC2D2}.Release|Any CPU.ActiveCfg = Release|Any CPU
		{E32433E2-189D-4EE9-9AE0-F9C458FAC2D2}.Release|Any CPU.Build.0 = Release|Any CPU
		{001A8B1E-8B06-4F62-BCAE-CE1E1CB74771}.Debug|Any CPU.ActiveCfg = Debug|Any CPU
		{001A8B1E-8B06-4F62-BCAE-CE1E1CB74771}.Debug|Any CPU.Build.0 = Debug|Any CPU
		{001A8B1E-8B06-4F62-BCAE-CE1E1CB74771}.Release|Any CPU.ActiveCfg = Release|Any CPU
		{001A8B1E-8B06-4F62-BCAE-CE1E1CB74771}.Release|Any CPU.Build.0 = Release|Any CPU
	EndGlobalSection
EndGlobal
